<?xml version="1.0" encoding="utf-8"?>
<Project ToolsVersion="4.0" xmlns="http://schemas.microsoft.com/developer/msbuild/2003">
  <ItemGroup>
    <Filter Include="Source Files">
      <UniqueIdentifier>{4FC737F1-C7A5-4376-A066-2A32D752A2FF}</UniqueIdentifier>
      <Extensions>cpp;c;cc;cxx;def;odl;idl;hpj;bat;asm;asmx</Extensions>
    </Filter>
    <Filter Include="Resource Files">
      <UniqueIdentifier>{67DA6AB6-F800-4c08-8B7A-83BB121AAD01}</UniqueIdentifier>
      <Extensions>rc;ico;cur;bmp;dlg;rc2;rct;bin;rgs;gif;jpg;jpeg;jpe;resx;tiff;tif;png;wav;mfcribbon-ms</Extensions>
    </Filter>
    <Filter Include="Capture">
      <UniqueIdentifier>{93995380-89BD-4b04-88EB-625FBE52EBFB}</UniqueIdentifier>
      <Extensions>h;hh;hpp;hxx;hm;inl;inc;xsd</Extensions>
    </Filter>
    <Filter Include="RenderSystem">
      <UniqueIdentifier>{db4a27e3-6fb7-4234-9f87-6b3f424e663f}</UniqueIdentifier>
    </Filter>
    <Filter Include="RenderSystem\Shader">
      <UniqueIdentifier>{95aa480c-da97-4604-9e2c-def27098f6b6}</UniqueIdentifier>
    </Filter>
    <Filter Include="tinyxml">
      <UniqueIdentifier>{6d8dfeff-a888-4e78-951d-595884cfbb2e}</UniqueIdentifier>
    </Filter>
    <Filter Include="DShow">
      <UniqueIdentifier>{a79e4b12-ed72-4ef2-b7a1-8cc728e56628}</UniqueIdentifier>
    </Filter>
  </ItemGroup>
  <ItemGroup>
    <ClInclude Include="CaptureTexture.h">
      <Filter>Capture</Filter>
    </ClInclude>
    <ClInclude Include="CapturePlugin.h">
      <Filter>Capture</Filter>
    </ClInclude>
    <ClInclude Include="CaptureHUB.h">
      <Filter>Capture</Filter>
    </ClInclude>
    <ClInclude Include="GDICapture.h">
      <Filter>Capture</Filter>
    </ClInclude>
    <ClInclude Include="MemoryCapture.h">
      <Filter>Capture</Filter>
    </ClInclude>
    <ClInclude Include="GraphicCapture.h">
      <Filter>Capture</Filter>
    </ClInclude>
    <ClInclude Include="TextureCapture.h">
      <Filter>Capture</Filter>
    </ClInclude>
    <ClInclude Include="WinPlatform.h" />
    <ClInclude Include="D3D11RenderSystem.hpp">
      <Filter>RenderSystem</Filter>
    </ClInclude>
    <ClInclude Include="CameraCapture.h">
      <Filter>Capture</Filter>
    </ClInclude>
    <ClInclude Include="hash.hpp">
      <Filter>RenderSystem</Filter>
    </ClInclude>
    <ClInclude Include="SceneCapture.h">
      <Filter>Capture</Filter>
    </ClInclude>
    <ClInclude Include="tinyxml\configdispatch.h">
      <Filter>tinyxml</Filter>
    </ClInclude>
    <ClInclude Include="tinyxml\configreader.h">
      <Filter>tinyxml</Filter>
    </ClInclude>
    <ClInclude Include="tinyxml\ixml.h">
      <Filter>tinyxml</Filter>
    </ClInclude>
    <ClInclude Include="tinyxml\ixmlhelper.h">
      <Filter>tinyxml</Filter>
    </ClInclude>
    <ClInclude Include="tinyxml\ixmlutil.h">
      <Filter>tinyxml</Filter>
    </ClInclude>
    <ClInclude Include="tinyxml\rapidxml.hpp">
      <Filter>tinyxml</Filter>
    </ClInclude>
    <ClInclude Include="tinyxml\rapidxml_iterators.hpp">
      <Filter>tinyxml</Filter>
    </ClInclude>
    <ClInclude Include="tinyxml\rapidxml_print.hpp">
      <Filter>tinyxml</Filter>
    </ClInclude>
    <ClInclude Include="tinyxml\rapidxml_utils.hpp">
      <Filter>tinyxml</Filter>
    </ClInclude>
    <ClInclude Include="tinyxml\tinystr.h">
      <Filter>tinyxml</Filter>
    </ClInclude>
    <ClInclude Include="tinyxml\tinyutil.h">
      <Filter>tinyxml</Filter>
    </ClInclude>
    <ClInclude Include="tinyxml\tinyxml.h">
      <Filter>tinyxml</Filter>
    </ClInclude>
    <ClInclude Include="tinyxml\tinyxml_adapter.h">
      <Filter>tinyxml</Filter>
    </ClInclude>
    <ClInclude Include="tinyxml\tinyxmlhelper.h">
      <Filter>tinyxml</Filter>
    </ClInclude>
    <ClInclude Include="DSDevice.h">
      <Filter>DShow</Filter>
    </ClInclude>
    <ClInclude Include="IVideoCaptureFilter.h">
      <Filter>DShow</Filter>
    </ClInclude>
    <ClInclude Include="CPURenderSystem.h">
      <Filter>RenderSystem</Filter>
    </ClInclude>
    <ClInclude Include="RenderSystem.h">
      <Filter>RenderSystem</Filter>
    </ClInclude>
    <ClInclude Include="CPUTexture.h">
      <Filter>Capture</Filter>
    </ClInclude>
  </ItemGroup>
  <ItemGroup>
    <ClCompile Include="GDICapture.cpp">
      <Filter>Capture</Filter>
    </ClCompile>
    <ClCompile Include="MemoryCapture.cpp">
      <Filter>Capture</Filter>
    </ClCompile>
    <ClCompile Include="GraphicCapture.cpp">
      <Filter>Capture</Filter>
    </ClCompile>
    <ClCompile Include="D3D11RenderSystem.cpp">
      <Filter>RenderSystem</Filter>
    </ClCompile>
    <ClCompile Include="TextureCapture.cpp">
      <Filter>Capture</Filter>
    </ClCompile>
    <ClCompile Include="D3D11Texture.cpp">
      <Filter>RenderSystem</Filter>
    </ClCompile>
    <ClCompile Include="CameraCapture.cpp">
      <Filter>Capture</Filter>
    </ClCompile>
    <ClCompile Include="SceneCapture.cpp">
      <Filter>Capture</Filter>
    </ClCompile>
    <ClCompile Include="tinyxml\configreader.cpp">
      <Filter>tinyxml</Filter>
    </ClCompile>
    <ClCompile Include="tinyxml\ixmlhelper.cpp">
      <Filter>tinyxml</Filter>
    </ClCompile>
    <ClCompile Include="tinyxml\ixmlutil.cpp">
      <Filter>tinyxml</Filter>
    </ClCompile>
    <ClCompile Include="tinyxml\tinystr.cpp">
      <Filter>tinyxml</Filter>
    </ClCompile>
    <ClCompile Include="tinyxml\tinyutil.cpp">
      <Filter>tinyxml</Filter>
    </ClCompile>
    <ClCompile Include="tinyxml\tinyxml.cpp">
      <Filter>tinyxml</Filter>
    </ClCompile>
    <ClCompile Include="tinyxml\tinyxml_adapter.cpp">
      <Filter>tinyxml</Filter>
    </ClCompile>
    <ClCompile Include="tinyxml\tinyxmlerror.cpp">
      <Filter>tinyxml</Filter>
    </ClCompile>
    <ClCompile Include="tinyxml\tinyxmlhelper.cpp">
      <Filter>tinyxml</Filter>
    </ClCompile>
    <ClCompile Include="tinyxml\tinyxmlparser.cpp">
      <Filter>tinyxml</Filter>
    </ClCompile>
    <ClCompile Include="tinyxml\xml.cpp">
      <Filter>tinyxml</Filter>
    </ClCompile>
    <ClCompile Include="DSDevice.cpp">
      <Filter>DShow</Filter>
    </ClCompile>
    <ClCompile Include="CPUTexture.cpp">
      <Filter>Capture</Filter>
    </ClCompile>
    <ClCompile Include="CPURenderSystem.cpp">
      <Filter>RenderSystem</Filter>
    </ClCompile>
  </ItemGroup>
  <ItemGroup>
    <FxCompile Include="ReslovePS.hlsl">
      <Filter>RenderSystem\Shader</Filter>
    </FxCompile>
    <FxCompile Include="DrawVS.hlsl">
      <Filter>RenderSystem\Shader</Filter>
    </FxCompile>
  </ItemGroup>
  <ItemGroup>
    <None Include="tinyxml\rxml_attribute.inl">
      <Filter>tinyxml</Filter>
    </None>
    <None Include="tinyxml\rxml_document.inl">
      <Filter>tinyxml</Filter>
    </None>
    <None Include="tinyxml\rxml_node.inl">
      <Filter>tinyxml</Filter>
    </None>
  </ItemGroup>
</Project>